// !$*UTF8*$!
{
	archiveVersion = 1;
	classes = {
	};
	objectVersion = 46;
	objects = {

/* Begin PBXBuildFile section */
		23AA451B7C5A0F86B6346D22 /* Pods_TestAppStore.framework in Frameworks */ = {isa = PBXBuildFile; fileRef = 6E7BF8F3184D584FFA2BED9E /* Pods_TestAppStore.framework */; };
		F561F8391EA44C4800EB1DF6 /* AppListModel.swift in Sources */ = {isa = PBXBuildFile; fileRef = F561F8381EA44C4800EB1DF6 /* AppListModel.swift */; };
		F561F83C1EA464B500EB1DF6 /* AppListCell.swift in Sources */ = {isa = PBXBuildFile; fileRef = F561F83B1EA464B500EB1DF6 /* AppListCell.swift */; };
		F561F83E1EA464BD00EB1DF6 /* AppListCell.xib in Resources */ = {isa = PBXBuildFile; fileRef = F561F83D1EA464BD00EB1DF6 /* AppListCell.xib */; };
		F561F8401EA4709600EB1DF6 /* AppDetailViewCotroller.swift in Sources */ = {isa = PBXBuildFile; fileRef = F561F83F1EA4709600EB1DF6 /* AppDetailViewCotroller.swift */; };
		F561F8421EA4735E00EB1DF6 /* AppDetailModel.swift in Sources */ = {isa = PBXBuildFile; fileRef = F561F8411EA4735E00EB1DF6 /* AppDetailModel.swift */; };
		F561F8441EA487E600EB1DF6 /* AppDetailTitle.swift in Sources */ = {isa = PBXBuildFile; fileRef = F561F8431EA487E600EB1DF6 /* AppDetailTitle.swift */; };
		F561F8481EA4880400EB1DF6 /* AppScreanImages.swift in Sources */ = {isa = PBXBuildFile; fileRef = F561F8471EA4880400EB1DF6 /* AppScreanImages.swift */; };
		F561F84A1EA4881000EB1DF6 /* AppDetailDescription.swift in Sources */ = {isa = PBXBuildFile; fileRef = F561F8491EA4881000EB1DF6 /* AppDetailDescription.swift */; };
		F561F84C1EA4881E00EB1DF6 /* AppDetailDescription.xib in Resources */ = {isa = PBXBuildFile; fileRef = F561F84B1EA4881E00EB1DF6 /* AppDetailDescription.xib */; };
		F561F84E1EA4883800EB1DF6 /* AppDetailTitle.xib in Resources */ = {isa = PBXBuildFile; fileRef = F561F84D1EA4883800EB1DF6 /* AppDetailTitle.xib */; };
		F561F8501EA48A5F00EB1DF6 /* AppScreanImages.xib in Resources */ = {isa = PBXBuildFile; fileRef = F561F84F1EA48A5F00EB1DF6 /* AppScreanImages.xib */; };
		F5D7B65A1EA39D8300C31823 /* AppDelegate.swift in Sources */ = {isa = PBXBuildFile; fileRef = F5D7B6591EA39D8300C31823 /* AppDelegate.swift */; };
		F5D7B65C1EA39D8400C31823 /* ViewController.swift in Sources */ = {isa = PBXBuildFile; fileRef = F5D7B65B1EA39D8400C31823 /* ViewController.swift */; };
		F5D7B65F1EA39D8700C31823 /* Main.storyboard in Resources */ = {isa = PBXBuildFile; fileRef = F5D7B65D1EA39D8700C31823 /* Main.storyboard */; };
		F5D7B6611EA39D8800C31823 /* Assets.xcassets in Resources */ = {isa = PBXBuildFile; fileRef = F5D7B6601EA39D8800C31823 /* Assets.xcassets */; };
		F5D7B6641EA39D8900C31823 /* LaunchScreen.storyboard in Resources */ = {isa = PBXBuildFile; fileRef = F5D7B6621EA39D8900C31823 /* LaunchScreen.storyboard */; };
		F5D7B66D1EA3A16400C31823 /* APIController.swift in Sources */ = {isa = PBXBuildFile; fileRef = F5D7B66C1EA3A16400C31823 /* APIController.swift */; };
		F5D7B6751EA4EEB200C31823 /* Extentions.swift in Sources */ = {isa = PBXBuildFile; fileRef = F5D7B6741EA4EEB200C31823 /* Extentions.swift */; };
/* End PBXBuildFile section */

/* Begin PBXFileReference section */
		07454302BF5F2D65DEBB3266 /* Pods-TestAppStore.release.xcconfig */ = {isa = PBXFileReference; includeInIndex = 1; lastKnownFileType = text.xcconfig; name = "Pods-TestAppStore.release.xcconfig"; path = "Pods/Target Support Files/Pods-TestAppStore/Pods-TestAppStore.release.xcconfig"; sourceTree = "<group>"; };
		6E7BF8F3184D584FFA2BED9E /* Pods_TestAppStore.framework */ = {isa = PBXFileReference; explicitFileType = wrapper.framework; includeInIndex = 0; path = Pods_TestAppStore.framework; sourceTree = BUILT_PRODUCTS_DIR; };
		94A74C1A7F08DD115552B70D /* Pods-TestAppStore.debug.xcconfig */ = {isa = PBXFileReference; includeInIndex = 1; lastKnownFileType = text.xcconfig; name = "Pods-TestAppStore.debug.xcconfig"; path = "Pods/Target Support Files/Pods-TestAppStore/Pods-TestAppStore.debug.xcconfig"; sourceTree = "<group>"; };
		F561F8381EA44C4800EB1DF6 /* AppListModel.swift */ = {isa = PBXFileReference; fileEncoding = 4; lastKnownFileType = sourcecode.swift; path = AppListModel.swift; sourceTree = "<group>"; };
		F561F83B1EA464B500EB1DF6 /* AppListCell.swift */ = {isa = PBXFileReference; fileEncoding = 4; lastKnownFileType = sourcecode.swift; path = AppListCell.swift; sourceTree = "<group>"; };
		F561F83D1EA464BD00EB1DF6 /* AppListCell.xib */ = {isa = PBXFileReference; fileEncoding = 4; lastKnownFileType = file.xib; path = AppListCell.xib; sourceTree = "<group>"; };
		F561F83F1EA4709600EB1DF6 /* AppDetailViewCotroller.swift */ = {isa = PBXFileReference; fileEncoding = 4; lastKnownFileType = sourcecode.swift; path = AppDetailViewCotroller.swift; sourceTree = "<group>"; };
		F561F8411EA4735E00EB1DF6 /* AppDetailModel.swift */ = {isa = PBXFileReference; fileEncoding = 4; lastKnownFileType = sourcecode.swift; path = AppDetailModel.swift; sourceTree = "<group>"; };
		F561F8431EA487E600EB1DF6 /* AppDetailTitle.swift */ = {isa = PBXFileReference; fileEncoding = 4; lastKnownFileType = sourcecode.swift; path = AppDetailTitle.swift; sourceTree = "<group>"; };
		F561F8471EA4880400EB1DF6 /* AppScreanImages.swift */ = {isa = PBXFileReference; fileEncoding = 4; lastKnownFileType = sourcecode.swift; path = AppScreanImages.swift; sourceTree = "<group>"; };
		F561F8491EA4881000EB1DF6 /* AppDetailDescription.swift */ = {isa = PBXFileReference; fileEncoding = 4; lastKnownFileType = sourcecode.swift; path = AppDetailDescription.swift; sourceTree = "<group>"; };
		F561F84B1EA4881E00EB1DF6 /* AppDetailDescription.xib */ = {isa = PBXFileReference; fileEncoding = 4; lastKnownFileType = file.xib; path = AppDetailDescription.xib; sourceTree = "<group>"; };
		F561F84D1EA4883800EB1DF6 /* AppDetailTitle.xib */ = {isa = PBXFileReference; fileEncoding = 4; lastKnownFileType = file.xib; path = AppDetailTitle.xib; sourceTree = "<group>"; };
		F561F84F1EA48A5F00EB1DF6 /* AppScreanImages.xib */ = {isa = PBXFileReference; fileEncoding = 4; lastKnownFileType = file.xib; path = AppScreanImages.xib; sourceTree = "<group>"; };
		F5D7B6561EA39D8200C31823 /* TestAppStore.app */ = {isa = PBXFileReference; explicitFileType = wrapper.application; includeInIndex = 0; path = TestAppStore.app; sourceTree = BUILT_PRODUCTS_DIR; };
		F5D7B6591EA39D8300C31823 /* AppDelegate.swift */ = {isa = PBXFileReference; lastKnownFileType = sourcecode.swift; path = AppDelegate.swift; sourceTree = "<group>"; };
		F5D7B65B1EA39D8400C31823 /* ViewController.swift */ = {isa = PBXFileReference; lastKnownFileType = sourcecode.swift; path = ViewController.swift; sourceTree = "<group>"; };
		F5D7B65E1EA39D8700C31823 /* Base */ = {isa = PBXFileReference; lastKnownFileType = file.storyboard; name = Base; path = Base.lproj/Main.storyboard; sourceTree = "<group>"; };
		F5D7B6601EA39D8800C31823 /* Assets.xcassets */ = {isa = PBXFileReference; lastKnownFileType = folder.assetcatalog; path = Assets.xcassets; sourceTree = "<group>"; };
		F5D7B6631EA39D8900C31823 /* Base */ = {isa = PBXFileReference; lastKnownFileType = file.storyboard; name = Base; path = Base.lproj/LaunchScreen.storyboard; sourceTree = "<group>"; };
		F5D7B6651EA39D8900C31823 /* Info.plist */ = {isa = PBXFileReference; lastKnownFileType = text.plist.xml; path = Info.plist; sourceTree = "<group>"; };
		F5D7B66C1EA3A16400C31823 /* APIController.swift */ = {isa = PBXFileReference; fileEncoding = 4; lastKnownFileType = sourcecode.swift; path = APIController.swift; sourceTree = "<group>"; };
		F5D7B6741EA4EEB200C31823 /* Extentions.swift */ = {isa = PBXFileReference; fileEncoding = 4; lastKnownFileType = sourcecode.swift; path = Extentions.swift; sourceTree = "<group>"; };
/* End PBXFileReference section */

/* Begin PBXFrameworksBuildPhase section */
		F5D7B6531EA39D8200C31823 /* Frameworks */ = {
			isa = PBXFrameworksBuildPhase;
			buildActionMask = 2147483647;
			files = (
				23AA451B7C5A0F86B6346D22 /* Pods_TestAppStore.framework in Frameworks */,
			);
			runOnlyForDeploymentPostprocessing = 0;
		};
/* End PBXFrameworksBuildPhase section */

/* Begin PBXGroup section */
		7AF441FC39DB41E8F95049D8 /* Pods */ = {
			isa = PBXGroup;
			children = (
				94A74C1A7F08DD115552B70D /* Pods-TestAppStore.debug.xcconfig */,
				07454302BF5F2D65DEBB3266 /* Pods-TestAppStore.release.xcconfig */,
			);
			name = Pods;
			sourceTree = "<group>";
		};
		DD556CF7CA7765619C4DED40 /* Frameworks */ = {
			isa = PBXGroup;
			children = (
				6E7BF8F3184D584FFA2BED9E /* Pods_TestAppStore.framework */,
			);
			name = Frameworks;
			sourceTree = "<group>";
		};
		F561F8371EA44BE900EB1DF6 /* DataModel */ = {
			isa = PBXGroup;
			children = (
				F561F8381EA44C4800EB1DF6 /* AppListModel.swift */,
				F561F8411EA4735E00EB1DF6 /* AppDetailModel.swift */,
			);
			name = DataModel;
			sourceTree = "<group>";
		};
		F561F83A1EA462E400EB1DF6 /* Cell */ = {
			isa = PBXGroup;
			children = (
				F561F83B1EA464B500EB1DF6 /* AppListCell.swift */,
				F561F83D1EA464BD00EB1DF6 /* AppListCell.xib */,
				F561F8431EA487E600EB1DF6 /* AppDetailTitle.swift */,
				F561F84D1EA4883800EB1DF6 /* AppDetailTitle.xib */,
				F561F8491EA4881000EB1DF6 /* AppDetailDescription.swift */,
				F561F84B1EA4881E00EB1DF6 /* AppDetailDescription.xib */,
				F561F8471EA4880400EB1DF6 /* AppScreanImages.swift */,
				F561F84F1EA48A5F00EB1DF6 /* AppScreanImages.xib */,
			);
			name = Cell;
			sourceTree = "<group>";
		};
		F5D7B64D1EA39D8100C31823 = {
			isa = PBXGroup;
			children = (
				F5D7B6581EA39D8200C31823 /* TestAppStore */,
				F5D7B6571EA39D8200C31823 /* Products */,
				7AF441FC39DB41E8F95049D8 /* Pods */,
				DD556CF7CA7765619C4DED40 /* Frameworks */,
			);
			sourceTree = "<group>";
		};
		F5D7B6571EA39D8200C31823 /* Products */ = {
			isa = PBXGroup;
			children = (
				F5D7B6561EA39D8200C31823 /* TestAppStore.app */,
			);
			name = Products;
			sourceTree = "<group>";
		};
		F5D7B6581EA39D8200C31823 /* TestAppStore */ = {
			isa = PBXGroup;
			children = (
				F561F83A1EA462E400EB1DF6 /* Cell */,
				F561F8371EA44BE900EB1DF6 /* DataModel */,
				F5D7B66B1EA3A13900C31823 /* Network */,
				F5D7B6591EA39D8300C31823 /* AppDelegate.swift */,
				F5D7B65B1EA39D8400C31823 /* ViewController.swift */,
				F561F83F1EA4709600EB1DF6 /* AppDetailViewCotroller.swift */,
				F5D7B6741EA4EEB200C31823 /* Extentions.swift */,
				F5D7B65D1EA39D8700C31823 /* Main.storyboard */,
				F5D7B6601EA39D8800C31823 /* Assets.xcassets */,
				F5D7B6621EA39D8900C31823 /* LaunchScreen.storyboard */,
				F5D7B6651EA39D8900C31823 /* Info.plist */,
			);
			path = TestAppStore;
			sourceTree = "<group>";
		};
		F5D7B66B1EA3A13900C31823 /* Network */ = {
			isa = PBXGroup;
			children = (
				F5D7B66C1EA3A16400C31823 /* APIController.swift */,
			);
			name = Network;
			sourceTree = "<group>";
		};
/* End PBXGroup section */

/* Begin PBXNativeTarget section */
		F5D7B6551EA39D8200C31823 /* TestAppStore */ = {
			isa = PBXNativeTarget;
			buildConfigurationList = F5D7B6681EA39D8A00C31823 /* Build configuration list for PBXNativeTarget "TestAppStore" */;
			buildPhases = (
				72CEFF70A1326A7CF863260F /* [CP] Check Pods Manifest.lock */,
				F5D7B6521EA39D8200C31823 /* Sources */,
				F5D7B6531EA39D8200C31823 /* Frameworks */,
				F5D7B6541EA39D8200C31823 /* Resources */,
				BE2A16A8027135DDE35E3BC6 /* [CP] Embed Pods Frameworks */,
				68127ECFD38B90AB7D844230 /* [CP] Copy Pods Resources */,
			);
			buildRules = (
			);
			dependencies = (
			);
			name = TestAppStore;
			productName = TestAppStore;
			productReference = F5D7B6561EA39D8200C31823 /* TestAppStore.app */;
			productType = "com.apple.product-type.application";
		};
/* End PBXNativeTarget section */

/* Begin PBXProject section */
		F5D7B64E1EA39D8100C31823 /* Project object */ = {
			isa = PBXProject;
			attributes = {
				LastSwiftUpdateCheck = 0830;
				LastUpgradeCheck = 0830;
				ORGANIZATIONNAME = Kyle;
				TargetAttributes = {
					F5D7B6551EA39D8200C31823 = {
						CreatedOnToolsVersion = 8.3;
						ProvisioningStyle = Automatic;
					};
				};
			};
			buildConfigurationList = F5D7B6511EA39D8100C31823 /* Build configuration list for PBXProject "TestAppStore" */;
			compatibilityVersion = "Xcode 3.2";
			developmentRegion = English;
			hasScannedForEncodings = 0;
			knownRegions = (
				en,
				Base,
			);
			mainGroup = F5D7B64D1EA39D8100C31823;
			productRefGroup = F5D7B6571EA39D8200C31823 /* Products */;
			projectDirPath = "";
			projectRoot = "";
			targets = (
				F5D7B6551EA39D8200C31823 /* TestAppStore */,
			);
		};
/* End PBXProject section */

/* Begin PBXResourcesBuildPhase section */
		F5D7B6541EA39D8200C31823 /* Resources */ = {
			isa = PBXResourcesBuildPhase;
			buildActionMask = 2147483647;
			files = (
				F561F8501EA48A5F00EB1DF6 /* AppScreanImages.xib in Resources */,
				F561F83E1EA464BD00EB1DF6 /* AppListCell.xib in Resources */,
				F561F84E1EA4883800EB1DF6 /* AppDetailTitle.xib in Resources */,
				F561F84C1EA4881E00EB1DF6 /* AppDetailDescription.xib in Resources */,
				F5D7B6641EA39D8900C31823 /* LaunchScreen.storyboard in Resources */,
				F5D7B6611EA39D8800C31823 /* Assets.xcassets in Resources */,
				F5D7B65F1EA39D8700C31823 /* Main.storyboard in Resources */,
			);
			runOnlyForDeploymentPostprocessing = 0;
		};
/* End PBXResourcesBuildPhase section */

/* Begin PBXShellScriptBuildPhase section */
		68127ECFD38B90AB7D844230 /* [CP] Copy Pods Resources */ = {
			isa = PBXShellScriptBuildPhase;
			buildActionMask = 2147483647;
			files = (
			);
			inputPaths = (
			);
			name = "[CP] Copy Pods Resources";
			outputPaths = (
			);
			runOnlyForDeploymentPostprocessing = 0;
			shellPath = /bin/sh;
			shellScript = "\"${SRCROOT}/Pods/Target Support Files/Pods-TestAppStore/Pods-TestAppStore-resources.sh\"\n";
			showEnvVarsInLog = 0;
		};
		72CEFF70A1326A7CF863260F /* [CP] Check Pods Manifest.lock */ = {
			isa = PBXShellScriptBuildPhase;
			buildActionMask = 2147483647;
			files = (
			);
			inputPaths = (
			);
			name = "[CP] Check Pods Manifest.lock";
			outputPaths = (
			);
			runOnlyForDeploymentPostprocessing = 0;
			shellPath = /bin/sh;
			shellScript = "diff \"${PODS_ROOT}/../Podfile.lock\" \"${PODS_ROOT}/Manifest.lock\" > /dev/null\nif [ $? != 0 ] ; then\n    # print error to STDERR\n    echo \"error: The sandbox is not in sync with the Podfile.lock. Run 'pod install' or update your CocoaPods installation.\" >&2\n    exit 1\nfi\n";
			showEnvVarsInLog = 0;
		};
		BE2A16A8027135DDE35E3BC6 /* [CP] Embed Pods Frameworks */ = {
			isa = PBXShellScriptBuildPhase;
			buildActionMask = 2147483647;
			files = (
			);
			inputPaths = (
			);
			name = "[CP] Embed Pods Frameworks";
			outputPaths = (
			);
			runOnlyForDeploymentPostprocessing = 0;
			shellPath = /bin/sh;
			shellScript = "\"${SRCROOT}/Pods/Target Support Files/Pods-TestAppStore/Pods-TestAppStore-frameworks.sh\"\n";
			showEnvVarsInLog = 0;
		};
/* End PBXShellScriptBuildPhase section */

/* Begin PBXSourcesBuildPhase section */
		F5D7B6521EA39D8200C31823 /* Sources */ = {
			isa = PBXSourcesBuildPhase;
			buildActionMask = 2147483647;
			files = (
				F5D7B66D1EA3A16400C31823 /* APIController.swift in Sources */,
				F561F83C1EA464B500EB1DF6 /* AppListCell.swift in Sources */,
				F5D7B65C1EA39D8400C31823 /* ViewController.swift in Sources */,
				F5D7B6751EA4EEB200C31823 /* Extentions.swift in Sources */,
				F561F8481EA4880400EB1DF6 /* AppScreanImages.swift in Sources */,
				F561F8391EA44C4800EB1DF6 /* AppListModel.swift in Sources */,
				F561F8421EA4735E00EB1DF6 /* AppDetailModel.swift in Sources */,
				F561F8441EA487E600EB1DF6 /* AppDetailTitle.swift in Sources */,
				F561F84A1EA4881000EB1DF6 /* AppDetailDescription.swift in Sources */,
				F561F8401EA4709600EB1DF6 /* AppDetailViewCotroller.swift in Sources */,
				F5D7B65A1EA39D8300C31823 /* AppDelegate.swift in Sources */,
			);
			runOnlyForDeploymentPostprocessing = 0;
		};
/* End PBXSourcesBuildPhase section */

/* Begin PBXVariantGroup section */
		F5D7B65D1EA39D8700C31823 /* Main.storyboard */ = {
			isa = PBXVariantGroup;
			children = (
				F5D7B65E1EA39D8700C31823 /* Base */,
			);
			name = Main.storyboard;
			sourceTree = "<group>";
		};
		F5D7B6621EA39D8900C31823 /* LaunchScreen.storyboard */ = {
			isa = PBXVariantGroup;
			children = (
				F5D7B6631EA39D8900C31823 /* Base */,
			);
			name = LaunchScreen.storyboard;
			sourceTree = "<group>";
		};
/* End PBXVariantGroup section */

/* Begin XCBuildConfiguration section */
		F5D7B6661EA39D8A00C31823 /* Debug */ = {
			isa = XCBuildConfiguration;
			buildSettings = {
				ALWAYS_SEARCH_USER_PATHS = NO;
				CLANG_ANALYZER_NONNULL = YES;
				CLANG_ANALYZER_NUMBER_OBJECT_CONVERSION = YES_AGGRESSIVE;
				CLANG_CXX_LANGUAGE_STANDARD = "gnu++0x";
				CLANG_CXX_LIBRARY = "libc++";
				CLANG_ENABLE_MODULES = YES;
				CLANG_ENABLE_OBJC_ARC = YES;
				CLANG_WARN_BOOL_CONVERSION = YES;
				CLANG_WARN_CONSTANT_CONVERSION = YES;
				CLANG_WARN_DIRECT_OBJC_ISA_USAGE = YES_ERROR;
				CLANG_WARN_DOCUMENTATION_COMMENTS = YES;
				CLANG_WARN_EMPTY_BODY = YES;
				CLANG_WARN_ENUM_CONVERSION = YES;
				CLANG_WARN_INFINITE_RECURSION = YES;
				CLANG_WARN_INT_CONVERSION = YES;
				CLANG_WARN_OBJC_ROOT_CLASS = YES_ERROR;
				CLANG_WARN_SUSPICIOUS_MOVE = YES;
				CLANG_WARN_UNREACHABLE_CODE = YES;
				CLANG_WARN__DUPLICATE_METHOD_MATCH = YES;
				"CODE_SIGN_IDENTITY[sdk=iphoneos*]" = "iPhone Developer";
				COPY_PHASE_STRIP = NO;
				DEBUG_INFORMATION_FORMAT = dwarf;
				ENABLE_STRICT_OBJC_MSGSEND = YES;
				ENABLE_TESTABILITY = YES;
				GCC_C_LANGUAGE_STANDARD = gnu99;
				GCC_DYNAMIC_NO_PIC = NO;
				GCC_NO_COMMON_BLOCKS = YES;
				GCC_OPTIMIZATION_LEVEL = 0;
				GCC_PREPROCESSOR_DEFINITIONS = (
					"DEBUG=1",
					"$(inherited)",
				);
				GCC_WARN_64_TO_32_BIT_CONVERSION = YES;
				GCC_WARN_ABOUT_RETURN_TYPE = YES_ERROR;
				GCC_WARN_UNDECLARED_SELECTOR = YES;
				GCC_WARN_UNINITIALIZED_AUTOS = YES_AGGRESSIVE;
				GCC_WARN_UNUSED_FUNCTION = YES;
				GCC_WARN_UNUSED_VARIABLE = YES;
				IPHONEOS_DEPLOYMENT_TARGET = 10.3;
				MTL_ENABLE_DEBUG_INFO = YES;
				ONLY_ACTIVE_ARCH = YES;
				SDKROOT = iphoneos;
				SWIFT_ACTIVE_COMPILATION_CONDITIONS = DEBUG;
				SWIFT_OPTIMIZATION_LEVEL = "-Onone";
			};
			name = Debug;
		};
		F5D7B6671EA39D8A00C31823 /* Release */ = {
			isa = XCBuildConfiguration;
			buildSettings = {
				ALWAYS_SEARCH_USER_PATHS = NO;
				CLANG_ANALYZER_NONNULL = YES;
				CLANG_ANALYZER_NUMBER_OBJECT_CONVERSION = YES_AGGRESSIVE;
				CLANG_CXX_LANGUAGE_STANDARD = "gnu++0x";
				CLANG_CXX_LIBRARY = "libc++";
				CLANG_ENABLE_MODULES = YES;
				CLANG_ENABLE_OBJC_ARC = YES;
				CLANG_WARN_BOOL_CONVERSION = YES;
				CLANG_WARN_CONSTANT_CONVERSION = YES;
				CLANG_WARN_DIRECT_OBJC_ISA_USAGE = YES_ERROR;
				CLANG_WARN_DOCUMENTATION_COMMENTS = YES;
				CLANG_WARN_EMPTY_BODY = YES;
				CLANG_WARN_ENUM_CONVERSION = YES;
				CLANG_WARN_INFINITE_RECURSION = YES;
				CLANG_WARN_INT_CONVERSION = YES;
				CLANG_WARN_OBJC_ROOT_CLASS = YES_ERROR;
				CLANG_WARN_SUSPICIOUS_MOVE = YES;
				CLANG_WARN_UNREACHABLE_CODE = YES;
				CLANG_WARN__DUPLICATE_METHOD_MATCH = YES;
				"CODE_SIGN_IDENTITY[sdk=iphoneos*]" = "iPhone Developer";
				COPY_PHASE_STRIP = NO;
				DEBUG_INFORMATION_FORMAT = "dwarf-with-dsym";
				ENABLE_NS_ASSERTIONS = NO;
				ENABLE_STRICT_OBJC_MSGSEND = YES;
				GCC_C_LANGUAGE_STANDARD = gnu99;
				GCC_NO_COMMON_BLOCKS = YES;
				GCC_WARN_64_TO_32_BIT_CONVERSION = YES;
				GCC_WARN_ABOUT_RETURN_TYPE = YES_ERROR;
				GCC_WARN_UNDECLARED_SELECTOR = YES;
				GCC_WARN_UNINITIALIZED_AUTOS = YES_AGGRESSIVE;
				GCC_WARN_UNUSED_FUNCTION = YES;
				GCC_WARN_UNUSED_VARIABLE = YES;
				IPHONEOS_DEPLOYMENT_TARGET = 10.3;
				MTL_ENABLE_DEBUG_INFO = NO;
				SDKROOT = iphoneos;
				SWIFT_OPTIMIZATION_LEVEL = "-Owholemodule";
				VALIDATE_PRODUCT = YES;
			};
			name = Release;
		};
		F5D7B6691EA39D8A00C31823 /* Debug */ = {
			isa = XCBuildConfiguration;
			baseConfigurationReference = 94A74C1A7F08DD115552B70D /* Pods-TestAppStore.debug.xcconfig */;
			buildSettings = {
				ASSETCATALOG_COMPILER_APPICON_NAME = AppIcon;
				INFOPLIST_FILE = TestAppStore/Info.plist;
				LD_RUNPATH_SEARCH_PATHS = "$(inherited) @executable_path/Frameworks";
				PRODUCT_BUNDLE_IDENTIFIER = com.mbkwon.TestAppStore;
				PRODUCT_NAME = "$(TARGET_NAME)";
				SWIFT_VERSION = 3.0;
			};
			name = Debug;
		};
		F5D7B66A1EA39D8A00C31823 /* Release */ = {
			isa = XCBuildConfiguration;
			baseConfigurationReference = 07454302BF5F2D65DEBB3266 /* Pods-TestAppStore.release.xcconfig */;
			buildSettings = {
				ASSETCATALOG_COMPILER_APPICON_NAME = AppIcon;
				INFOPLIST_FILE = TestAppStore/Info.plist;
				LD_RUNPATH_SEARCH_PATHS = "$(inherited) @executable_path/Frameworks";
				PRODUCT_BUNDLE_IDENTIFIER = com.mbkwon.TestAppStore;
				PRODUCT_NAME = "$(TARGET_NAME)";
				SWIFT_VERSION = 3.0;
			};
			name = Release;
		};
/* End XCBuildConfiguration section */

/* Begin XCConfigurationList section */
		F5D7B6511EA39D8100C31823 /* Build configuration list for PBXProject "TestAppStore" */ = {
			isa = XCConfigurationList;
			buildConfigurations = (
				F5D7B6661EA39D8A00C31823 /* Debug */,
				F5D7B6671EA39D8A00C31823 /* Release */,
			);
			defaultConfigurationIsVisible = 0;
			defaultConfigurationName = Release;
		};
		F5D7B6681EA39D8A00C31823 /* Build configuration list for PBXNativeTarget "TestAppStore" */ = {
			isa = XCConfigurationList;
			buildConfigurations = (
				F5D7B6691EA39D8A00C31823 /* Debug */,
				F5D7B66A1EA39D8A00C31823 /* Release */,
			);
			defaultConfigurationIsVisible = 0;
			defaultConfigurationName = Release;
		};
/* End XCConfigurationList section */
	};
	rootObject = F5D7B64E1EA39D8100C31823 /* Project object */;
}
